// !$*UTF8*$!
{
	archiveVersion = 1;
	classes = {
	};
	objectVersion = 50;
	objects = {

/* Begin PBXBuildFile section */
		02A3F10A221BEEA200F4FB9C /* AppDelegate.swift in Sources */ = {isa = PBXBuildFile; fileRef = 02A3F109221BEEA200F4FB9C /* AppDelegate.swift */; };
		02A3F10C221BEEA200F4FB9C /* IssueListViewController.swift in Sources */ = {isa = PBXBuildFile; fileRef = 02A3F10B221BEEA200F4FB9C /* IssueListViewController.swift */; };
		02A3F10F221BEEA200F4FB9C /* Main.storyboard in Resources */ = {isa = PBXBuildFile; fileRef = 02A3F10D221BEEA200F4FB9C /* Main.storyboard */; };
		02A3F111221BEEA300F4FB9C /* Assets.xcassets in Resources */ = {isa = PBXBuildFile; fileRef = 02A3F110221BEEA300F4FB9C /* Assets.xcassets */; };
		02A3F114221BEEA300F4FB9C /* LaunchScreen.storyboard in Resources */ = {isa = PBXBuildFile; fileRef = 02A3F112221BEEA300F4FB9C /* LaunchScreen.storyboard */; };
		02A3F11C221BEF5D00F4FB9C /* GithubEndpoint.swift in Sources */ = {isa = PBXBuildFile; fileRef = 02A3F11B221BEF5D00F4FB9C /* GithubEndpoint.swift */; };
		02A3F11E221BF0F300F4FB9C /* MapperModel.swift in Sources */ = {isa = PBXBuildFile; fileRef = 02A3F11D221BF0F300F4FB9C /* MapperModel.swift */; };
		02A3F120221BF19000F4FB9C /* IssueTrackerModel.swift in Sources */ = {isa = PBXBuildFile; fileRef = 02A3F11F221BF19000F4FB9C /* IssueTrackerModel.swift */; };
		E6F7F36DB78A1CA03A18306F /* Pods_RxSwiftStudy3.framework in Frameworks */ = {isa = PBXBuildFile; fileRef = 104CD77AB91B2760216D5DBF /* Pods_RxSwiftStudy3.framework */; };
/* End PBXBuildFile section */

/* Begin PBXFileReference section */
		02A3F106221BEEA200F4FB9C /* RxSwiftStudy3.app */ = {isa = PBXFileReference; explicitFileType = wrapper.application; includeInIndex = 0; path = RxSwiftStudy3.app; sourceTree = BUILT_PRODUCTS_DIR; };
		02A3F109221BEEA200F4FB9C /* AppDelegate.swift */ = {isa = PBXFileReference; lastKnownFileType = sourcecode.swift; path = AppDelegate.swift; sourceTree = "<group>"; };
		02A3F10B221BEEA200F4FB9C /* IssueListViewController.swift */ = {isa = PBXFileReference; lastKnownFileType = sourcecode.swift; path = IssueListViewController.swift; sourceTree = "<group>"; };
		02A3F10E221BEEA200F4FB9C /* Base */ = {isa = PBXFileReference; lastKnownFileType = file.storyboard; name = Base; path = Base.lproj/Main.storyboard; sourceTree = "<group>"; };
		02A3F110221BEEA300F4FB9C /* Assets.xcassets */ = {isa = PBXFileReference; lastKnownFileType = folder.assetcatalog; path = Assets.xcassets; sourceTree = "<group>"; };
		02A3F113221BEEA300F4FB9C /* Base */ = {isa = PBXFileReference; lastKnownFileType = file.storyboard; name = Base; path = Base.lproj/LaunchScreen.storyboard; sourceTree = "<group>"; };
		02A3F115221BEEA300F4FB9C /* Info.plist */ = {isa = PBXFileReference; lastKnownFileType = text.plist.xml; path = Info.plist; sourceTree = "<group>"; };
		02A3F11B221BEF5D00F4FB9C /* GithubEndpoint.swift */ = {isa = PBXFileReference; lastKnownFileType = sourcecode.swift; path = GithubEndpoint.swift; sourceTree = "<group>"; };
		02A3F11D221BF0F300F4FB9C /* MapperModel.swift */ = {isa = PBXFileReference; lastKnownFileType = sourcecode.swift; path = MapperModel.swift; sourceTree = "<group>"; };
		02A3F11F221BF19000F4FB9C /* IssueTrackerModel.swift */ = {isa = PBXFileReference; lastKnownFileType = sourcecode.swift; path = IssueTrackerModel.swift; sourceTree = "<group>"; };
		104CD77AB91B2760216D5DBF /* Pods_RxSwiftStudy3.framework */ = {isa = PBXFileReference; explicitFileType = wrapper.framework; includeInIndex = 0; path = Pods_RxSwiftStudy3.framework; sourceTree = BUILT_PRODUCTS_DIR; };
		14704AB8802BCC0117F3EAC7 /* Pods-RxSwiftStudy3.release.xcconfig */ = {isa = PBXFileReference; includeInIndex = 1; lastKnownFileType = text.xcconfig; name = "Pods-RxSwiftStudy3.release.xcconfig"; path = "Pods/Target Support Files/Pods-RxSwiftStudy3/Pods-RxSwiftStudy3.release.xcconfig"; sourceTree = "<group>"; };
		524A16CFDDB447CD42B63E0F /* Pods-RxSwiftStudy3.debug.xcconfig */ = {isa = PBXFileReference; includeInIndex = 1; lastKnownFileType = text.xcconfig; name = "Pods-RxSwiftStudy3.debug.xcconfig"; path = "Pods/Target Support Files/Pods-RxSwiftStudy3/Pods-RxSwiftStudy3.debug.xcconfig"; sourceTree = "<group>"; };
/* End PBXFileReference section */

/* Begin PBXFrameworksBuildPhase section */
		02A3F103221BEEA200F4FB9C /* Frameworks */ = {
			isa = PBXFrameworksBuildPhase;
			buildActionMask = 2147483647;
			files = (
				E6F7F36DB78A1CA03A18306F /* Pods_RxSwiftStudy3.framework in Frameworks */,
			);
			runOnlyForDeploymentPostprocessing = 0;
		};
/* End PBXFrameworksBuildPhase section */

/* Begin PBXGroup section */
		02A3F0FD221BEEA200F4FB9C = {
			isa = PBXGroup;
			children = (
				02A3F108221BEEA200F4FB9C /* RxSwiftStudy3 */,
				02A3F107221BEEA200F4FB9C /* Products */,
				64D43130D934218091AAC3B0 /* Pods */,
				77346394A70DD0FBDFFC883E /* Frameworks */,
			);
			sourceTree = "<group>";
		};
		02A3F107221BEEA200F4FB9C /* Products */ = {
			isa = PBXGroup;
			children = (
				02A3F106221BEEA200F4FB9C /* RxSwiftStudy3.app */,
			);
			name = Products;
			sourceTree = "<group>";
		};
		02A3F108221BEEA200F4FB9C /* RxSwiftStudy3 */ = {
			isa = PBXGroup;
			children = (
				02A3F109221BEEA200F4FB9C /* AppDelegate.swift */,
				02A3F10B221BEEA200F4FB9C /* IssueListViewController.swift */,
				02A3F11D221BF0F300F4FB9C /* MapperModel.swift */,
				02A3F11F221BF19000F4FB9C /* IssueTrackerModel.swift */,
				02A3F11B221BEF5D00F4FB9C /* GithubEndpoint.swift */,
				02A3F10D221BEEA200F4FB9C /* Main.storyboard */,
				02A3F110221BEEA300F4FB9C /* Assets.xcassets */,
				02A3F112221BEEA300F4FB9C /* LaunchScreen.storyboard */,
				02A3F115221BEEA300F4FB9C /* Info.plist */,
			);
			path = RxSwiftStudy3;
			sourceTree = "<group>";
		};
		64D43130D934218091AAC3B0 /* Pods */ = {
			isa = PBXGroup;
			children = (
				524A16CFDDB447CD42B63E0F /* Pods-RxSwiftStudy3.debug.xcconfig */,
				14704AB8802BCC0117F3EAC7 /* Pods-RxSwiftStudy3.release.xcconfig */,
			);
			name = Pods;
			sourceTree = "<group>";
		};
		77346394A70DD0FBDFFC883E /* Frameworks */ = {
			isa = PBXGroup;
			children = (
				104CD77AB91B2760216D5DBF /* Pods_RxSwiftStudy3.framework */,
			);
			name = Frameworks;
			sourceTree = "<group>";
		};
/* End PBXGroup section */

/* Begin PBXNativeTarget section */
		02A3F105221BEEA200F4FB9C /* RxSwiftStudy3 */ = {
			isa = PBXNativeTarget;
			buildConfigurationList = 02A3F118221BEEA300F4FB9C /* Build configuration list for PBXNativeTarget "RxSwiftStudy3" */;
			buildPhases = (
				911F764DADF785B1060B0357 /* [CP] Check Pods Manifest.lock */,
				02A3F102221BEEA200F4FB9C /* Sources */,
				02A3F103221BEEA200F4FB9C /* Frameworks */,
				02A3F104221BEEA200F4FB9C /* Resources */,
				466FEC008C1B4943E30E2CE7 /* [CP] Embed Pods Frameworks */,
			);
			buildRules = (
			);
			dependencies = (
			);
			name = RxSwiftStudy3;
			productName = RxSwiftStudy3;
			productReference = 02A3F106221BEEA200F4FB9C /* RxSwiftStudy3.app */;
			productType = "com.apple.product-type.application";
		};
/* End PBXNativeTarget section */

/* Begin PBXProject section */
		02A3F0FE221BEEA200F4FB9C /* Project object */ = {
			isa = PBXProject;
			attributes = {
				LastSwiftUpdateCheck = 1010;
				LastUpgradeCheck = 1010;
				ORGANIZATIONNAME = ssungnni;
				TargetAttributes = {
					02A3F105221BEEA200F4FB9C = {
						CreatedOnToolsVersion = 10.1;
					};
				};
			};
			buildConfigurationList = 02A3F101221BEEA200F4FB9C /* Build configuration list for PBXProject "RxSwiftStudy3" */;
			compatibilityVersion = "Xcode 9.3";
			developmentRegion = en;
			hasScannedForEncodings = 0;
			knownRegions = (
				en,
				Base,
			);
			mainGroup = 02A3F0FD221BEEA200F4FB9C;
			productRefGroup = 02A3F107221BEEA200F4FB9C /* Products */;
			projectDirPath = "";
			projectRoot = "";
			targets = (
				02A3F105221BEEA200F4FB9C /* RxSwiftStudy3 */,
			);
		};
/* End PBXProject section */

/* Begin PBXResourcesBuildPhase section */
		02A3F104221BEEA200F4FB9C /* Resources */ = {
			isa = PBXResourcesBuildPhase;
			buildActionMask = 2147483647;
			files = (
				02A3F114221BEEA300F4FB9C /* LaunchScreen.storyboard in Resources */,
				02A3F111221BEEA300F4FB9C /* Assets.xcassets in Resources */,
				02A3F10F221BEEA200F4FB9C /* Main.storyboard in Resources */,
			);
			runOnlyForDeploymentPostprocessing = 0;
		};
/* End PBXResourcesBuildPhase section */

/* Begin PBXShellScriptBuildPhase section */
		466FEC008C1B4943E30E2CE7 /* [CP] Embed Pods Frameworks */ = {
			isa = PBXShellScriptBuildPhase;
			buildActionMask = 2147483647;
			files = (
			);
			inputFileListPaths = (
			);
			inputPaths = (
				"${SRCROOT}/Pods/Target Support Files/Pods-RxSwiftStudy3/Pods-RxSwiftStudy3-frameworks.sh",
				"${BUILT_PRODUCTS_DIR}/Alamofire/Alamofire.framework",
				"${BUILT_PRODUCTS_DIR}/ModelMapper/Mapper.framework",
				"${BUILT_PRODUCTS_DIR}/Moya/Moya.framework",
				"${BUILT_PRODUCTS_DIR}/Moya-ModelMapper/Moya_ModelMapper.framework",
				"${BUILT_PRODUCTS_DIR}/Result/Result.framework",
				"${BUILT_PRODUCTS_DIR}/RxCocoa/RxCocoa.framework",
				"${BUILT_PRODUCTS_DIR}/RxOptional/RxOptional.framework",
				"${BUILT_PRODUCTS_DIR}/RxSwift/RxSwift.framework",
			);
			name = "[CP] Embed Pods Frameworks";
			outputFileListPaths = (
			);
			outputPaths = (
				"${TARGET_BUILD_DIR}/${FRAMEWORKS_FOLDER_PATH}/Alamofire.framework",
				"${TARGET_BUILD_DIR}/${FRAMEWORKS_FOLDER_PATH}/Mapper.framework",
				"${TARGET_BUILD_DIR}/${FRAMEWORKS_FOLDER_PATH}/Moya.framework",
				"${TARGET_BUILD_DIR}/${FRAMEWORKS_FOLDER_PATH}/Moya_ModelMapper.framework",
				"${TARGET_BUILD_DIR}/${FRAMEWORKS_FOLDER_PATH}/Result.framework",
				"${TARGET_BUILD_DIR}/${FRAMEWORKS_FOLDER_PATH}/RxCocoa.framework",
				"${TARGET_BUILD_DIR}/${FRAMEWORKS_FOLDER_PATH}/RxOptional.framework",
				"${TARGET_BUILD_DIR}/${FRAMEWORKS_FOLDER_PATH}/RxSwift.framework",
			);
			runOnlyForDeploymentPostprocessing = 0;
			shellPath = /bin/sh;
			shellScript = "\"${SRCROOT}/Pods/Target Support Files/Pods-RxSwiftStudy3/Pods-RxSwiftStudy3-frameworks.sh\"\n";
			showEnvVarsInLog = 0;
		};
		911F764DADF785B1060B0357 /* [CP] Check Pods Manifest.lock */ = {
			isa = PBXShellScriptBuildPhase;
			buildActionMask = 2147483647;
			files = (
			);
			inputFileListPaths = (
			);
			inputPaths = (
				"${PODS_PODFILE_DIR_PATH}/Podfile.lock",
				"${PODS_ROOT}/Manifest.lock",
			);
			name = "[CP] Check Pods Manifest.lock";
			outputFileListPaths = (
			);
			outputPaths = (
				"$(DERIVED_FILE_DIR)/Pods-RxSwiftStudy3-checkManifestLockResult.txt",
			);
			runOnlyForDeploymentPostprocessing = 0;
			shellPath = /bin/sh;
			shellScript = "diff \"${PODS_PODFILE_DIR_PATH}/Podfile.lock\" \"${PODS_ROOT}/Manifest.lock\" > /dev/null\nif [ $? != 0 ] ; then\n    # print error to STDERR\n    echo \"error: The sandbox is not in sync with the Podfile.lock. Run 'pod install' or update your CocoaPods installation.\" >&2\n    exit 1\nfi\n# This output is used by Xcode 'outputs' to avoid re-running this script phase.\necho \"SUCCESS\" > \"${SCRIPT_OUTPUT_FILE_0}\"\n";
			showEnvVarsInLog = 0;
		};
/* End PBXShellScriptBuildPhase section */

/* Begin PBXSourcesBuildPhase section */
		02A3F102221BEEA200F4FB9C /* Sources */ = {
			isa = PBXSourcesBuildPhase;
			buildActionMask = 2147483647;
			files = (
				02A3F10C221BEEA200F4FB9C /* IssueListViewController.swift in Sources */,
				02A3F11C221BEF5D00F4FB9C /* GithubEndpoint.swift in Sources */,
				02A3F120221BF19000F4FB9C /* IssueTrackerModel.swift in Sources */,
				02A3F11E221BF0F300F4FB9C /* MapperModel.swift in Sources */,
				02A3F10A221BEEA200F4FB9C /* AppDelegate.swift in Sources */,
			);
			runOnlyForDeploymentPostprocessing = 0;
		};
/* End PBXSourcesBuildPhase section */

/* Begin PBXVariantGroup section */
		02A3F10D221BEEA200F4FB9C /* Main.storyboard */ = {
			isa = PBXVariantGroup;
			children = (
				02A3F10E221BEEA200F4FB9C /* Base */,
			);
			name = Main.storyboard;
			sourceTree = "<group>";
		};
		02A3F112221BEEA300F4FB9C /* LaunchScreen.storyboard */ = {
			isa = PBXVariantGroup;
			children = (
				02A3F113221BEEA300F4FB9C /* Base */,
			);
			name = LaunchScreen.storyboard;
			sourceTree = "<group>";
		};
/* End PBXVariantGroup section */

/* Begin XCBuildConfiguration section */
		02A3F116221BEEA300F4FB9C /* Debug */ = {
			isa = XCBuildConfiguration;
			buildSettings = {
				ALWAYS_SEARCH_USER_PATHS = NO;
				CLANG_ANALYZER_NONNULL = YES;
				CLANG_ANALYZER_NUMBER_OBJECT_CONVERSION = YES_AGGRESSIVE;
				CLANG_CXX_LANGUAGE_STANDARD = "gnu++14";
				CLANG_CXX_LIBRARY = "libc++";
				CLANG_ENABLE_MODULES = YES;
				CLANG_ENABLE_OBJC_ARC = YES;
				CLANG_ENABLE_OBJC_WEAK = YES;
				CLANG_WARN_BLOCK_CAPTURE_AUTORELEASING = YES;
				CLANG_WARN_BOOL_CONVERSION = YES;
				CLANG_WARN_COMMA = YES;
				CLANG_WARN_CONSTANT_CONVERSION = YES;
				CLANG_WARN_DEPRECATED_OBJC_IMPLEMENTATIONS = YES;
				CLANG_WARN_DIRECT_OBJC_ISA_USAGE = YES_ERROR;
				CLANG_WARN_DOCUMENTATION_COMMENTS = YES;
				CLANG_WARN_EMPTY_BODY = YES;
				CLANG_WARN_ENUM_CONVERSION = YES;
				CLANG_WARN_INFINITE_RECURSION = YES;
				CLANG_WARN_INT_CONVERSION = YES;
				CLANG_WARN_NON_LITERAL_NULL_CONVERSION = YES;
				CLANG_WARN_OBJC_IMPLICIT_RETAIN_SELF = YES;
				CLANG_WARN_OBJC_LITERAL_CONVERSION = YES;
				CLANG_WARN_OBJC_ROOT_CLASS = YES_ERROR;
				CLANG_WARN_RANGE_LOOP_ANALYSIS = YES;
				CLANG_WARN_STRICT_PROTOTYPES = YES;
				CLANG_WARN_SUSPICIOUS_MOVE = YES;
				CLANG_WARN_UNGUARDED_AVAILABILITY = YES_AGGRESSIVE;
				CLANG_WARN_UNREACHABLE_CODE = YES;
				CLANG_WARN__DUPLICATE_METHOD_MATCH = YES;
				CODE_SIGN_IDENTITY = "iPhone Developer";
				COPY_PHASE_STRIP = NO;
				DEBUG_INFORMATION_FORMAT = dwarf;
				ENABLE_STRICT_OBJC_MSGSEND = YES;
				ENABLE_TESTABILITY = YES;
				GCC_C_LANGUAGE_STANDARD = gnu11;
				GCC_DYNAMIC_NO_PIC = NO;
				GCC_NO_COMMON_BLOCKS = YES;
				GCC_OPTIMIZATION_LEVEL = 0;
				GCC_PREPROCESSOR_DEFINITIONS = (
					"DEBUG=1",
					"$(inherited)",
				);
				GCC_WARN_64_TO_32_BIT_CONVERSION = YES;
				GCC_WARN_ABOUT_RETURN_TYPE = YES_ERROR;
				GCC_WARN_UNDECLARED_SELECTOR = YES;
				GCC_WARN_UNINITIALIZED_AUTOS = YES_AGGRESSIVE;
				GCC_WARN_UNUSED_FUNCTION = YES;
				GCC_WARN_UNUSED_VARIABLE = YES;
				IPHONEOS_DEPLOYMENT_TARGET = 12.1;
				MTL_ENABLE_DEBUG_INFO = INCLUDE_SOURCE;
				MTL_FAST_MATH = YES;
				ONLY_ACTIVE_ARCH = YES;
				SDKROOT = iphoneos;
				SWIFT_ACTIVE_COMPILATION_CONDITIONS = DEBUG;
				SWIFT_OPTIMIZATION_LEVEL = "-Onone";
			};
			name = Debug;
		};
		02A3F117221BEEA300F4FB9C /* Release */ = {
			isa = XCBuildConfiguration;
			buildSettings = {
				ALWAYS_SEARCH_USER_PATHS = NO;
				CLANG_ANALYZER_NONNULL = YES;
				CLANG_ANALYZER_NUMBER_OBJECT_CONVERSION = YES_AGGRESSIVE;
				CLANG_CXX_LANGUAGE_STANDARD = "gnu++14";
				CLANG_CXX_LIBRARY = "libc++";
				CLANG_ENABLE_MODULES = YES;
				CLANG_ENABLE_OBJC_ARC = YES;
				CLANG_ENABLE_OBJC_WEAK = YES;
				CLANG_WARN_BLOCK_CAPTURE_AUTORELEASING = YES;
				CLANG_WARN_BOOL_CONVERSION = YES;
				CLANG_WARN_COMMA = YES;
				CLANG_WARN_CONSTANT_CONVERSION = YES;
				CLANG_WARN_DEPRECATED_OBJC_IMPLEMENTATIONS = YES;
				CLANG_WARN_DIRECT_OBJC_ISA_USAGE = YES_ERROR;
				CLANG_WARN_DOCUMENTATION_COMMENTS = YES;
				CLANG_WARN_EMPTY_BODY = YES;
				CLANG_WARN_ENUM_CONVERSION = YES;
				CLANG_WARN_INFINITE_RECURSION = YES;
				CLANG_WARN_INT_CONVERSION = YES;
				CLANG_WARN_NON_LITERAL_NULL_CONVERSION = YES;
				CLANG_WARN_OBJC_IMPLICIT_RETAIN_SELF = YES;
				CLANG_WARN_OBJC_LITERAL_CONVERSION = YES;
				CLANG_WARN_OBJC_ROOT_CLASS = YES_ERROR;
				CLANG_WARN_RANGE_LOOP_ANALYSIS = YES;
				CLANG_WARN_STRICT_PROTOTYPES = YES;
				CLANG_WARN_SUSPICIOUS_MOVE = YES;
				CLANG_WARN_UNGUARDED_AVAILABILITY = YES_AGGRESSIVE;
				CLANG_WARN_UNREACHABLE_CODE = YES;
				CLANG_WARN__DUPLICATE_METHOD_MATCH = YES;
				CODE_SIGN_IDENTITY = "iPhone Developer";
				COPY_PHASE_STRIP = NO;
				DEBUG_INFORMATION_FORMAT = "dwarf-with-dsym";
				ENABLE_NS_ASSERTIONS = NO;
				ENABLE_STRICT_OBJC_MSGSEND = YES;
				GCC_C_LANGUAGE_STANDARD = gnu11;
				GCC_NO_COMMON_BLOCKS = YES;
				GCC_WARN_64_TO_32_BIT_CONVERSION = YES;
				GCC_WARN_ABOUT_RETURN_TYPE = YES_ERROR;
				GCC_WARN_UNDECLARED_SELECTOR = YES;
				GCC_WARN_UNINITIALIZED_AUTOS = YES_AGGRESSIVE;
				GCC_WARN_UNUSED_FUNCTION = YES;
				GCC_WARN_UNUSED_VARIABLE = YES;
				IPHONEOS_DEPLOYMENT_TARGET = 12.1;
				MTL_ENABLE_DEBUG_INFO = NO;
				MTL_FAST_MATH = YES;
				SDKROOT = iphoneos;
				SWIFT_COMPILATION_MODE = wholemodule;
				SWIFT_OPTIMIZATION_LEVEL = "-O";
				VALIDATE_PRODUCT = YES;
			};
			name = Release;
		};
		02A3F119221BEEA300F4FB9C /* Debug */ = {
			isa = XCBuildConfiguration;
			baseConfigurationReference = 524A16CFDDB447CD42B63E0F /* Pods-RxSwiftStudy3.debug.xcconfig */;
			buildSettings = {
				ASSETCATALOG_COMPILER_APPICON_NAME = AppIcon;
				CODE_SIGN_STYLE = Automatic;
				DEVELOPMENT_TEAM = WXH5CKM9TX;
				INFOPLIST_FILE = RxSwiftStudy3/Info.plist;
				LD_RUNPATH_SEARCH_PATHS = (
					"$(inherited)",
					"@executable_path/Frameworks",
				);
				PRODUCT_BUNDLE_IDENTIFIER = com.ssungnni.RxSwiftStudy3;
				PRODUCT_NAME = "$(TARGET_NAME)";
				SWIFT_VERSION = 4.2;
				TARGETED_DEVICE_FAMILY = "1,2";
			};
			name = Debug;
		};
		02A3F11A221BEEA300F4FB9C /* Release */ = {
			isa = XCBuildConfiguration;
			baseConfigurationReference = 14704AB8802BCC0117F3EAC7 /* Pods-RxSwiftStudy3.release.xcconfig */;
			buildSettings = {
				ASSETCATALOG_COMPILER_APPICON_NAME = AppIcon;
				CODE_SIGN_STYLE = Automatic;
				DEVELOPMENT_TEAM = WXH5CKM9TX;
				INFOPLIST_FILE = RxSwiftStudy3/Info.plist;
				LD_RUNPATH_SEARCH_PATHS = (
					"$(inherited)",
					"@executable_path/Frameworks",
				);
				PRODUCT_BUNDLE_IDENTIFIER = com.ssungnni.RxSwiftStudy3;
				PRODUCT_NAME = "$(TARGET_NAME)";
				SWIFT_VERSION = 4.2;
				TARGETED_DEVICE_FAMILY = "1,2";
			};
			name = Release;
		};
/* End XCBuildConfiguration section */

/* Begin XCConfigurationList section */
		02A3F101221BEEA200F4FB9C /* Build configuration list for PBXProject "RxSwiftStudy3" */ = {
			isa = XCConfigurationList;
			buildConfigurations = (
				02A3F116221BEEA300F4FB9C /* Debug */,
				02A3F117221BEEA300F4FB9C /* Release */,
			);
			defaultConfigurationIsVisible = 0;
			defaultConfigurationName = Release;
		};
		02A3F118221BEEA300F4FB9C /* Build configuration list for PBXNativeTarget "RxSwiftStudy3" */ = {
			isa = XCConfigurationList;
			buildConfigurations = (
				02A3F119221BEEA300F4FB9C /* Debug */,
				02A3F11A221BEEA300F4FB9C /* Release */,
			);
			defaultConfigurationIsVisible = 0;
			defaultConfigurationName = Release;
		};
/* End XCConfigurationList section */
	};
	rootObject = 02A3F0FE221BEEA200F4FB9C /* Project object */;
}
